{
  "name": "ifttt-state-machine",
  "version": "1.0.0",
  "lockfileVersion": 2,
  "requires": true,
  "packages": {
    "": {
      "name": "ifttt-state-machine",
      "version": "1.0.0",
      "license": "ISC",
      "devDependencies": {
        "xstate": "^4.30.6"
      }
    },
    "node_modules/xstate": {
      "version": "4.30.6",
      "resolved": "https://registry.npmjs.org/xstate/-/xstate-4.30.6.tgz",
      "integrity": "sha512-V7liK1cjkZRh6R/MSneG8S5VLGRatpOUcnNieiYJX4LbwKi9eUVUH5V04ugJYVcJ+2oKDKvEFvzk0VnSC7lTag==",
      "dev": true,
      "funding": {
        "type": "opencollective",
        "url": "https://opencollective.com/xstate"
      }
    }
  },
  "dependencies": {
    "xstate": {
      "version": "4.30.6",
      "resolved": "https://registry.npmjs.org/xstate/-/xstate-4.30.6.tgz",
      "integrity": "sha512-V7liK1cjkZRh6R/MSneG8S5VLGRatpOUcnNieiYJX4LbwKi9eUVUH5V04ugJYVcJ+2oKDKvEFvzk0VnSC7lTag==",
      "dev": true
    }
  }
}
